
Microsoft Visual Studio Solution File, Format Version 12.00
# Visual Studio Version 17
VisualStudioVersion = 17.11.35327.3
MinimumVisualStudioVersion = 10.0.40219.1
Project("{9A19103F-16F7-4668-BE54-9A1E7A4F7556}") = "BookWise", "BookWise\BookWise.csproj", "{B5EBE6B0-E19D-440C-824C-F83AFF29B106}"
EndProject
Project("{9A19103F-16F7-4668-BE54-9A1E7A4F7556}") = "DataLibrary", "DataLibrary\DataLibrary.csproj", "{25998818-FEC9-4784-BD37-E923B5B87EDF}"
EndProject
Project("{FAE04EC0-301F-11D3-BF4B-00C04F79EFBC}") = "BookWiseAPI", "BookWiseAPI\BookWiseAPI.csproj", "{02404B8F-8CDE-4969-86EB-FE0AC4F325D7}"
EndProject
Global
	GlobalSection(SolutionConfigurationPlatforms) = preSolution
		Debug|Any CPU = Debug|Any CPU
		Release|Any CPU = Release|Any CPU
	EndGlobalSection
	GlobalSection(ProjectConfigurationPlatforms) = postSolution
		{B5EBE6B0-E19D-440C-824C-F83AFF29B106}.Debug|Any CPU.ActiveCfg = Debug|Any CPU
		{B5EBE6B0-E19D-440C-824C-F83AFF29B106}.Debug|Any CPU.Build.0 = Debug|Any CPU
		{B5EBE6B0-E19D-440C-824C-F83AFF29B106}.Release|Any CPU.ActiveCfg = Release|Any CPU
		{B5EBE6B0-E19D-440C-824C-F83AFF29B106}.Release|Any CPU.Build.0 = Release|Any CPU
		{25998818-FEC9-4784-BD37-E923B5B87EDF}.Debug|Any CPU.ActiveCfg = Debug|Any CPU
		{25998818-FEC9-4784-BD37-E923B5B87EDF}.Debug|Any CPU.Build.0 = Debug|Any CPU
		{25998818-FEC9-4784-BD37-E923B5B87EDF}.Release|Any CPU.ActiveCfg = Release|Any CPU
		{25998818-FEC9-4784-BD37-E923B5B87EDF}.Release|Any CPU.Build.0 = Release|Any CPU
		{02404B8F-8CDE-4969-86EB-FE0AC4F325D7}.Debug|Any CPU.ActiveCfg = Debug|Any CPU
		{02404B8F-8CDE-4969-86EB-FE0AC4F325D7}.Debug|Any CPU.Build.0 = Debug|Any CPU
		{02404B8F-8CDE-4969-86EB-FE0AC4F325D7}.Release|Any CPU.ActiveCfg = Release|Any CPU
		{02404B8F-8CDE-4969-86EB-FE0AC4F325D7}.Release|Any CPU.Build.0 = Release|Any CPU
	EndGlobalSection
	GlobalSection(SolutionProperties) = preSolution
		HideSolutionNode = FALSE
	EndGlobalSection
	GlobalSection(ExtensibilityGlobals) = postSolution
		SolutionGuid = {EDFEB3C1-2810-40FB-A708-F5B5C3C9D1E6}
	EndGlobalSection
EndGlobal
